
Microsoft Visual Studio Solution File, Format Version 12.00
# Visual Studio Version 17
VisualStudioVersion = 17.7.34031.279
MinimumVisualStudioVersion = 10.0.40219.1
Project("{FAE04EC0-301F-11D3-BF4B-00C04F79EFBC}") = "ACGRT", "ACGRT\ACGRT.csproj", "{D241E6D4-7CAC-414C-8E9F-DF3AAE352C09}"
EndProject
Global
	GlobalSection(SolutionConfigurationPlatforms) = preSolution
		Debug|Any CPU = Debug|Any CPU
		Release|Any CPU = Release|Any CPU
	EndGlobalSection
	GlobalSection(ProjectConfigurationPlatforms) = postSolution
		{D241E6D4-7CAC-414C-8E9F-DF3AAE352C09}.Debug|Any CPU.ActiveCfg = Debug|Any CPU
		{D241E6D4-7CAC-414C-8E9F-DF3AAE352C09}.Debug|Any CPU.Build.0 = Debug|Any CPU
		{D241E6D4-7CAC-414C-8E9F-DF3AAE352C09}.Release|Any CPU.ActiveCfg = Release|Any CPU
		{D241E6D4-7CAC-414C-8E9F-DF3AAE352C09}.Release|Any CPU.Build.0 = Release|Any CPU
	EndGlobalSection
	GlobalSection(SolutionProperties) = preSolution
		HideSolutionNode = FALSE
	EndGlobalSection
	GlobalSection(ExtensibilityGlobals) = postSolution
		SolutionGuid = {504E2C02-82C1-4652-BE5E-EB98C9A6CACB}
	EndGlobalSection
EndGlobal
