
Microsoft Visual Studio Solution File, Format Version 12.00
# Visual Studio Version 17
VisualStudioVersion = 17.7.34024.191
MinimumVisualStudioVersion = 10.0.40219.1
Project("{FAE04EC0-301F-11D3-BF4B-00C04F79EFBC}") = "Homework1", "Homework1\Homework1.csproj", "{93489B06-C43F-47B9-B36B-C0AEBA1F1EF7}"
EndProject
Global
	GlobalSection(SolutionConfigurationPlatforms) = preSolution
		Debug|Any CPU = Debug|Any CPU
		Release|Any CPU = Release|Any CPU
	EndGlobalSection
	GlobalSection(ProjectConfigurationPlatforms) = postSolution
		{93489B06-C43F-47B9-B36B-C0AEBA1F1EF7}.Debug|Any CPU.ActiveCfg = Debug|Any CPU
		{93489B06-C43F-47B9-B36B-C0AEBA1F1EF7}.Debug|Any CPU.Build.0 = Debug|Any CPU
		{93489B06-C43F-47B9-B36B-C0AEBA1F1EF7}.Release|Any CPU.ActiveCfg = Release|Any CPU
		{93489B06-C43F-47B9-B36B-C0AEBA1F1EF7}.Release|Any CPU.Build.0 = Release|Any CPU
	EndGlobalSection
	GlobalSection(SolutionProperties) = preSolution
		HideSolutionNode = FALSE
	EndGlobalSection
	GlobalSection(ExtensibilityGlobals) = postSolution
		SolutionGuid = {C181F520-A88D-424B-A23B-B31813414304}
	EndGlobalSection
EndGlobal
